// !$*UTF8*$!
{
	archiveVersion = 1;
	classes = {
	};
	objectVersion = 48;
	objects = {

/* Begin PBXBuildFile section */
		28B81F2F1B781BDF09DF4434 /* Pods_BitcoinNews.framework in Frameworks */ = {isa = PBXBuildFile; fileRef = 79FA9FCBCB92250EE25D7DE8 /* Pods_BitcoinNews.framework */; };
		B633C8B72051C0DB008564A3 /* Presenter.swift in Sources */ = {isa = PBXBuildFile; fileRef = B633C8B62051C0DB008564A3 /* Presenter.swift */; };
		B633C8B92051C124008564A3 /* BaseViewController.swift in Sources */ = {isa = PBXBuildFile; fileRef = B633C8B82051C124008564A3 /* BaseViewController.swift */; };
		B633C8BC2051C7CF008564A3 /* FeedTableViewCell.swift in Sources */ = {isa = PBXBuildFile; fileRef = B633C8BB2051C7CF008564A3 /* FeedTableViewCell.swift */; };
		B633C8BE2051C93A008564A3 /* LayoutExtensions.swift in Sources */ = {isa = PBXBuildFile; fileRef = B633C8BD2051C93A008564A3 /* LayoutExtensions.swift */; };
		B633C8C02051FAB0008564A3 /* FeedTableViewSource.swift in Sources */ = {isa = PBXBuildFile; fileRef = B633C8BF2051FAB0008564A3 /* FeedTableViewSource.swift */; };
		B633C8C22051FB1D008564A3 /* ArticleDisplay.swift in Sources */ = {isa = PBXBuildFile; fileRef = B633C8C12051FB1D008564A3 /* ArticleDisplay.swift */; };
		B633C8C6205226B8008564A3 /* AppEnvironment.swift in Sources */ = {isa = PBXBuildFile; fileRef = B633C8C5205226B8008564A3 /* AppEnvironment.swift */; };
		B633C8C8205226D8008564A3 /* Router.swift in Sources */ = {isa = PBXBuildFile; fileRef = B633C8C7205226D8008564A3 /* Router.swift */; };
		B633C8CA2052270A008564A3 /* Destination.swift in Sources */ = {isa = PBXBuildFile; fileRef = B633C8C92052270A008564A3 /* Destination.swift */; };
		B633C8CD20522D53008564A3 /* RootViewController.swift in Sources */ = {isa = PBXBuildFile; fileRef = B633C8CC20522D53008564A3 /* RootViewController.swift */; };
		B63931972050ADDC00D6D9BE /* RSSParser.swift in Sources */ = {isa = PBXBuildFile; fileRef = B63931962050ADDC00D6D9BE /* RSSParser.swift */; };
		B65BEA4E2035024900B6B4D2 /* AppDelegate.swift in Sources */ = {isa = PBXBuildFile; fileRef = B65BEA4D2035024900B6B4D2 /* AppDelegate.swift */; };
		B65BEA502035024900B6B4D2 /* FeedViewController.swift in Sources */ = {isa = PBXBuildFile; fileRef = B65BEA4F2035024900B6B4D2 /* FeedViewController.swift */; };
		B65BEA552035024900B6B4D2 /* Assets.xcassets in Resources */ = {isa = PBXBuildFile; fileRef = B65BEA542035024900B6B4D2 /* Assets.xcassets */; };
		B65BEA582035024900B6B4D2 /* LaunchScreen.storyboard in Resources */ = {isa = PBXBuildFile; fileRef = B65BEA562035024900B6B4D2 /* LaunchScreen.storyboard */; };
		B68FAF692050B032005F87CC /* RemoteResource.swift in Sources */ = {isa = PBXBuildFile; fileRef = B68FAF682050B032005F87CC /* RemoteResource.swift */; };
		B68FAF6C2051B37E005F87CC /* Article.swift in Sources */ = {isa = PBXBuildFile; fileRef = B68FAF6B2051B37E005F87CC /* Article.swift */; };
		B68FAF6E2051B387005F87CC /* Feed.swift in Sources */ = {isa = PBXBuildFile; fileRef = B68FAF6D2051B387005F87CC /* Feed.swift */; };
		B68FAF702051B3F8005F87CC /* FeedConverter.swift in Sources */ = {isa = PBXBuildFile; fileRef = B68FAF6F2051B3F8005F87CC /* FeedConverter.swift */; };
		B68FAF722051B452005F87CC /* NetworkResponseStatus.swift in Sources */ = {isa = PBXBuildFile; fileRef = B68FAF712051B452005F87CC /* NetworkResponseStatus.swift */; };
		B68FAF762051B523005F87CC /* FeedViewModel.swift in Sources */ = {isa = PBXBuildFile; fileRef = B68FAF752051B523005F87CC /* FeedViewModel.swift */; };
/* End PBXBuildFile section */

/* Begin PBXFileReference section */
		79FA9FCBCB92250EE25D7DE8 /* Pods_BitcoinNews.framework */ = {isa = PBXFileReference; explicitFileType = wrapper.framework; includeInIndex = 0; path = Pods_BitcoinNews.framework; sourceTree = BUILT_PRODUCTS_DIR; };
		A825003A1F2884CCD3057181 /* Pods-BitcoinNews.release.xcconfig */ = {isa = PBXFileReference; includeInIndex = 1; lastKnownFileType = text.xcconfig; name = "Pods-BitcoinNews.release.xcconfig"; path = "Pods/Target Support Files/Pods-BitcoinNews/Pods-BitcoinNews.release.xcconfig"; sourceTree = "<group>"; };
		B633C8B62051C0DB008564A3 /* Presenter.swift */ = {isa = PBXFileReference; lastKnownFileType = sourcecode.swift; path = Presenter.swift; sourceTree = "<group>"; };
		B633C8B82051C124008564A3 /* BaseViewController.swift */ = {isa = PBXFileReference; lastKnownFileType = sourcecode.swift; path = BaseViewController.swift; sourceTree = "<group>"; };
		B633C8BB2051C7CF008564A3 /* FeedTableViewCell.swift */ = {isa = PBXFileReference; lastKnownFileType = sourcecode.swift; path = FeedTableViewCell.swift; sourceTree = "<group>"; };
		B633C8BD2051C93A008564A3 /* LayoutExtensions.swift */ = {isa = PBXFileReference; lastKnownFileType = sourcecode.swift; path = LayoutExtensions.swift; sourceTree = "<group>"; };
		B633C8BF2051FAB0008564A3 /* FeedTableViewSource.swift */ = {isa = PBXFileReference; lastKnownFileType = sourcecode.swift; path = FeedTableViewSource.swift; sourceTree = "<group>"; };
		B633C8C12051FB1D008564A3 /* ArticleDisplay.swift */ = {isa = PBXFileReference; lastKnownFileType = sourcecode.swift; path = ArticleDisplay.swift; sourceTree = "<group>"; };
		B633C8C5205226B8008564A3 /* AppEnvironment.swift */ = {isa = PBXFileReference; lastKnownFileType = sourcecode.swift; path = AppEnvironment.swift; sourceTree = "<group>"; };
		B633C8C7205226D8008564A3 /* Router.swift */ = {isa = PBXFileReference; lastKnownFileType = sourcecode.swift; path = Router.swift; sourceTree = "<group>"; };
		B633C8C92052270A008564A3 /* Destination.swift */ = {isa = PBXFileReference; lastKnownFileType = sourcecode.swift; path = Destination.swift; sourceTree = "<group>"; };
		B633C8CC20522D53008564A3 /* RootViewController.swift */ = {isa = PBXFileReference; lastKnownFileType = sourcecode.swift; path = RootViewController.swift; sourceTree = "<group>"; };
		B63931962050ADDC00D6D9BE /* RSSParser.swift */ = {isa = PBXFileReference; lastKnownFileType = sourcecode.swift; path = RSSParser.swift; sourceTree = "<group>"; };
		B65BEA4A2035024900B6B4D2 /* BitcoinNews.app */ = {isa = PBXFileReference; explicitFileType = wrapper.application; includeInIndex = 0; path = BitcoinNews.app; sourceTree = BUILT_PRODUCTS_DIR; };
		B65BEA4D2035024900B6B4D2 /* AppDelegate.swift */ = {isa = PBXFileReference; lastKnownFileType = sourcecode.swift; path = AppDelegate.swift; sourceTree = "<group>"; };
		B65BEA4F2035024900B6B4D2 /* FeedViewController.swift */ = {isa = PBXFileReference; lastKnownFileType = sourcecode.swift; path = FeedViewController.swift; sourceTree = "<group>"; };
		B65BEA542035024900B6B4D2 /* Assets.xcassets */ = {isa = PBXFileReference; lastKnownFileType = folder.assetcatalog; path = Assets.xcassets; sourceTree = "<group>"; };
		B65BEA572035024900B6B4D2 /* Base */ = {isa = PBXFileReference; lastKnownFileType = file.storyboard; name = Base; path = Base.lproj/LaunchScreen.storyboard; sourceTree = "<group>"; };
		B65BEA592035024900B6B4D2 /* Info.plist */ = {isa = PBXFileReference; lastKnownFileType = text.plist.xml; path = Info.plist; sourceTree = "<group>"; };
		B68FAF682050B032005F87CC /* RemoteResource.swift */ = {isa = PBXFileReference; lastKnownFileType = sourcecode.swift; path = RemoteResource.swift; sourceTree = "<group>"; };
		B68FAF6B2051B37E005F87CC /* Article.swift */ = {isa = PBXFileReference; lastKnownFileType = sourcecode.swift; path = Article.swift; sourceTree = "<group>"; };
		B68FAF6D2051B387005F87CC /* Feed.swift */ = {isa = PBXFileReference; lastKnownFileType = sourcecode.swift; path = Feed.swift; sourceTree = "<group>"; };
		B68FAF6F2051B3F8005F87CC /* FeedConverter.swift */ = {isa = PBXFileReference; lastKnownFileType = sourcecode.swift; path = FeedConverter.swift; sourceTree = "<group>"; };
		B68FAF712051B452005F87CC /* NetworkResponseStatus.swift */ = {isa = PBXFileReference; lastKnownFileType = sourcecode.swift; path = NetworkResponseStatus.swift; sourceTree = "<group>"; };
		B68FAF752051B523005F87CC /* FeedViewModel.swift */ = {isa = PBXFileReference; lastKnownFileType = sourcecode.swift; path = FeedViewModel.swift; sourceTree = "<group>"; };
		F6CD32D260532A564D680EF7 /* Pods-BitcoinNews.debug.xcconfig */ = {isa = PBXFileReference; includeInIndex = 1; lastKnownFileType = text.xcconfig; name = "Pods-BitcoinNews.debug.xcconfig"; path = "Pods/Target Support Files/Pods-BitcoinNews/Pods-BitcoinNews.debug.xcconfig"; sourceTree = "<group>"; };
/* End PBXFileReference section */

/* Begin PBXFrameworksBuildPhase section */
		B65BEA472035024900B6B4D2 /* Frameworks */ = {
			isa = PBXFrameworksBuildPhase;
			buildActionMask = 2147483647;
			files = (
				28B81F2F1B781BDF09DF4434 /* Pods_BitcoinNews.framework in Frameworks */,
			);
			runOnlyForDeploymentPostprocessing = 0;
		};
/* End PBXFrameworksBuildPhase section */

/* Begin PBXGroup section */
		4E1C56D37751D8AD8D8011C0 /* Frameworks */ = {
			isa = PBXGroup;
			children = (
				79FA9FCBCB92250EE25D7DE8 /* Pods_BitcoinNews.framework */,
			);
			name = Frameworks;
			sourceTree = "<group>";
		};
		B633C8B52051C06E008564A3 /* Shared */ = {
			isa = PBXGroup;
			children = (
				B633C8B62051C0DB008564A3 /* Presenter.swift */,
				B633C8B82051C124008564A3 /* BaseViewController.swift */,
				B633C8BD2051C93A008564A3 /* LayoutExtensions.swift */,
			);
			path = Shared;
			sourceTree = "<group>";
		};
		B633C8BA2051C7C1008564A3 /* Views */ = {
			isa = PBXGroup;
			children = (
				B633C8BB2051C7CF008564A3 /* FeedTableViewCell.swift */,
			);
			path = Views;
			sourceTree = "<group>";
		};
		B633C8C32052269A008564A3 /* Networking */ = {
			isa = PBXGroup;
			children = (
				B63931962050ADDC00D6D9BE /* RSSParser.swift */,
				B68FAF682050B032005F87CC /* RemoteResource.swift */,
				B68FAF6F2051B3F8005F87CC /* FeedConverter.swift */,
				B68FAF712051B452005F87CC /* NetworkResponseStatus.swift */,
			);
			path = Networking;
			sourceTree = "<group>";
		};
		B633C8C4205226A6008564A3 /* Routing */ = {
			isa = PBXGroup;
			children = (
				B633C8C7205226D8008564A3 /* Router.swift */,
				B633C8C92052270A008564A3 /* Destination.swift */,
			);
			path = Routing;
			sourceTree = "<group>";
		};
		B63931952050ADCB00D6D9BE /* Utilities */ = {
			isa = PBXGroup;
			children = (
				B633C8C4205226A6008564A3 /* Routing */,
				B633C8C32052269A008564A3 /* Networking */,
				B633C8C5205226B8008564A3 /* AppEnvironment.swift */,
				B633C8CC20522D53008564A3 /* RootViewController.swift */,
			);
			path = Utilities;
			sourceTree = "<group>";
		};
		B65BEA412035024900B6B4D2 = {
			isa = PBXGroup;
			children = (
				B65BEA4C2035024900B6B4D2 /* BitcoinNews */,
				B65BEA4B2035024900B6B4D2 /* Products */,
				C9023E30864CF5F15375AD93 /* Pods */,
				4E1C56D37751D8AD8D8011C0 /* Frameworks */,
			);
			sourceTree = "<group>";
		};
		B65BEA4B2035024900B6B4D2 /* Products */ = {
			isa = PBXGroup;
			children = (
				B65BEA4A2035024900B6B4D2 /* BitcoinNews.app */,
			);
			name = Products;
			sourceTree = "<group>";
		};
		B65BEA4C2035024900B6B4D2 /* BitcoinNews */ = {
			isa = PBXGroup;
			children = (
				B68FAF732051B4DC005F87CC /* Features */,
				B68FAF6A2051B360005F87CC /* Models */,
				B63931952050ADCB00D6D9BE /* Utilities */,
				B65BEA4D2035024900B6B4D2 /* AppDelegate.swift */,
				B65BEA542035024900B6B4D2 /* Assets.xcassets */,
				B65BEA562035024900B6B4D2 /* LaunchScreen.storyboard */,
				B65BEA592035024900B6B4D2 /* Info.plist */,
			);
			path = BitcoinNews;
			sourceTree = "<group>";
		};
		B68FAF6A2051B360005F87CC /* Models */ = {
			isa = PBXGroup;
			children = (
				B68FAF6B2051B37E005F87CC /* Article.swift */,
				B68FAF6D2051B387005F87CC /* Feed.swift */,
			);
			path = Models;
			sourceTree = "<group>";
		};
		B68FAF732051B4DC005F87CC /* Features */ = {
			isa = PBXGroup;
			children = (
				B633C8B52051C06E008564A3 /* Shared */,
				B68FAF742051B4EE005F87CC /* Feed */,
			);
			path = Features;
			sourceTree = "<group>";
		};
		B68FAF742051B4EE005F87CC /* Feed */ = {
			isa = PBXGroup;
			children = (
				B633C8BA2051C7C1008564A3 /* Views */,
				B65BEA4F2035024900B6B4D2 /* FeedViewController.swift */,
				B633C8BF2051FAB0008564A3 /* FeedTableViewSource.swift */,
				B68FAF752051B523005F87CC /* FeedViewModel.swift */,
				B633C8C12051FB1D008564A3 /* ArticleDisplay.swift */,
			);
			path = Feed;
			sourceTree = "<group>";
		};
		C9023E30864CF5F15375AD93 /* Pods */ = {
			isa = PBXGroup;
			children = (
				F6CD32D260532A564D680EF7 /* Pods-BitcoinNews.debug.xcconfig */,
				A825003A1F2884CCD3057181 /* Pods-BitcoinNews.release.xcconfig */,
			);
			name = Pods;
			sourceTree = "<group>";
		};
/* End PBXGroup section */

/* Begin PBXNativeTarget section */
		B65BEA492035024900B6B4D2 /* BitcoinNews */ = {
			isa = PBXNativeTarget;
			buildConfigurationList = B65BEA5C2035024900B6B4D2 /* Build configuration list for PBXNativeTarget "BitcoinNews" */;
			buildPhases = (
				A4377C322CE64E26F8C400F5 /* [CP] Check Pods Manifest.lock */,
				B65BEA462035024900B6B4D2 /* Sources */,
				B65BEA472035024900B6B4D2 /* Frameworks */,
				B65BEA482035024900B6B4D2 /* Resources */,
				044539F2A911486F74A2DB75 /* [CP] Embed Pods Frameworks */,
				37F373195145B39A87A22DCC /* [CP] Copy Pods Resources */,
			);
			buildRules = (
			);
			dependencies = (
			);
			name = BitcoinNews;
			productName = BitcoinNews;
			productReference = B65BEA4A2035024900B6B4D2 /* BitcoinNews.app */;
			productType = "com.apple.product-type.application";
		};
/* End PBXNativeTarget section */

/* Begin PBXProject section */
		B65BEA422035024900B6B4D2 /* Project object */ = {
			isa = PBXProject;
			attributes = {
				LastSwiftUpdateCheck = 0920;
				LastUpgradeCheck = 0920;
				ORGANIZATIONNAME = "Oleks Shcherbakov";
				TargetAttributes = {
					B65BEA492035024900B6B4D2 = {
						CreatedOnToolsVersion = 9.2;
						ProvisioningStyle = Automatic;
					};
				};
			};
			buildConfigurationList = B65BEA452035024900B6B4D2 /* Build configuration list for PBXProject "BitcoinNews" */;
			compatibilityVersion = "Xcode 8.0";
			developmentRegion = en;
			hasScannedForEncodings = 0;
			knownRegions = (
				en,
				Base,
			);
			mainGroup = B65BEA412035024900B6B4D2;
			productRefGroup = B65BEA4B2035024900B6B4D2 /* Products */;
			projectDirPath = "";
			projectRoot = "";
			targets = (
				B65BEA492035024900B6B4D2 /* BitcoinNews */,
			);
		};
/* End PBXProject section */

/* Begin PBXResourcesBuildPhase section */
		B65BEA482035024900B6B4D2 /* Resources */ = {
			isa = PBXResourcesBuildPhase;
			buildActionMask = 2147483647;
			files = (
				B65BEA582035024900B6B4D2 /* LaunchScreen.storyboard in Resources */,
				B65BEA552035024900B6B4D2 /* Assets.xcassets in Resources */,
			);
			runOnlyForDeploymentPostprocessing = 0;
		};
/* End PBXResourcesBuildPhase section */

/* Begin PBXShellScriptBuildPhase section */
		044539F2A911486F74A2DB75 /* [CP] Embed Pods Frameworks */ = {
			isa = PBXShellScriptBuildPhase;
			buildActionMask = 2147483647;
			files = (
			);
			inputPaths = (
				"${SRCROOT}/Pods/Target Support Files/Pods-BitcoinNews/Pods-BitcoinNews-frameworks.sh",
				"${BUILT_PRODUCTS_DIR}/Alamofire/Alamofire.framework",
				"${BUILT_PRODUCTS_DIR}/AlamofireRSSParser/AlamofireRSSParser.framework",
				"${BUILT_PRODUCTS_DIR}/SDWebImage/SDWebImage.framework",
			);
			name = "[CP] Embed Pods Frameworks";
			outputPaths = (
				"${TARGET_BUILD_DIR}/${FRAMEWORKS_FOLDER_PATH}/Alamofire.framework",
				"${TARGET_BUILD_DIR}/${FRAMEWORKS_FOLDER_PATH}/AlamofireRSSParser.framework",
				"${TARGET_BUILD_DIR}/${FRAMEWORKS_FOLDER_PATH}/SDWebImage.framework",
			);
			runOnlyForDeploymentPostprocessing = 0;
			shellPath = /bin/sh;
			shellScript = "\"${SRCROOT}/Pods/Target Support Files/Pods-BitcoinNews/Pods-BitcoinNews-frameworks.sh\"\n";
			showEnvVarsInLog = 0;
		};
		37F373195145B39A87A22DCC /* [CP] Copy Pods Resources */ = {
			isa = PBXShellScriptBuildPhase;
			buildActionMask = 2147483647;
			files = (
			);
			inputPaths = (
			);
			name = "[CP] Copy Pods Resources";
			outputPaths = (
			);
			runOnlyForDeploymentPostprocessing = 0;
			shellPath = /bin/sh;
			shellScript = "\"${SRCROOT}/Pods/Target Support Files/Pods-BitcoinNews/Pods-BitcoinNews-resources.sh\"\n";
			showEnvVarsInLog = 0;
		};
		A4377C322CE64E26F8C400F5 /* [CP] Check Pods Manifest.lock */ = {
			isa = PBXShellScriptBuildPhase;
			buildActionMask = 2147483647;
			files = (
			);
			inputPaths = (
				"${PODS_PODFILE_DIR_PATH}/Podfile.lock",
				"${PODS_ROOT}/Manifest.lock",
			);
			name = "[CP] Check Pods Manifest.lock";
			outputPaths = (
				"$(DERIVED_FILE_DIR)/Pods-BitcoinNews-checkManifestLockResult.txt",
			);
			runOnlyForDeploymentPostprocessing = 0;
			shellPath = /bin/sh;
			shellScript = "diff \"${PODS_PODFILE_DIR_PATH}/Podfile.lock\" \"${PODS_ROOT}/Manifest.lock\" > /dev/null\nif [ $? != 0 ] ; then\n    # print error to STDERR\n    echo \"error: The sandbox is not in sync with the Podfile.lock. Run 'pod install' or update your CocoaPods installation.\" >&2\n    exit 1\nfi\n# This output is used by Xcode 'outputs' to avoid re-running this script phase.\necho \"SUCCESS\" > \"${SCRIPT_OUTPUT_FILE_0}\"\n";
			showEnvVarsInLog = 0;
		};
/* End PBXShellScriptBuildPhase section */

/* Begin PBXSourcesBuildPhase section */
		B65BEA462035024900B6B4D2 /* Sources */ = {
			isa = PBXSourcesBuildPhase;
			buildActionMask = 2147483647;
			files = (
				B65BEA502035024900B6B4D2 /* FeedViewController.swift in Sources */,
				B633C8C22051FB1D008564A3 /* ArticleDisplay.swift in Sources */,
				B633C8CD20522D53008564A3 /* RootViewController.swift in Sources */,
				B633C8BC2051C7CF008564A3 /* FeedTableViewCell.swift in Sources */,
				B633C8C02051FAB0008564A3 /* FeedTableViewSource.swift in Sources */,
				B633C8BE2051C93A008564A3 /* LayoutExtensions.swift in Sources */,
				B633C8C6205226B8008564A3 /* AppEnvironment.swift in Sources */,
				B68FAF6E2051B387005F87CC /* Feed.swift in Sources */,
				B633C8B92051C124008564A3 /* BaseViewController.swift in Sources */,
				B63931972050ADDC00D6D9BE /* RSSParser.swift in Sources */,
				B68FAF722051B452005F87CC /* NetworkResponseStatus.swift in Sources */,
				B633C8C8205226D8008564A3 /* Router.swift in Sources */,
				B633C8B72051C0DB008564A3 /* Presenter.swift in Sources */,
				B65BEA4E2035024900B6B4D2 /* AppDelegate.swift in Sources */,
				B68FAF692050B032005F87CC /* RemoteResource.swift in Sources */,
				B633C8CA2052270A008564A3 /* Destination.swift in Sources */,
				B68FAF702051B3F8005F87CC /* FeedConverter.swift in Sources */,
				B68FAF6C2051B37E005F87CC /* Article.swift in Sources */,
				B68FAF762051B523005F87CC /* FeedViewModel.swift in Sources */,
			);
			runOnlyForDeploymentPostprocessing = 0;
		};
/* End PBXSourcesBuildPhase section */

/* Begin PBXVariantGroup section */
		B65BEA562035024900B6B4D2 /* LaunchScreen.storyboard */ = {
			isa = PBXVariantGroup;
			children = (
				B65BEA572035024900B6B4D2 /* Base */,
			);
			name = LaunchScreen.storyboard;
			sourceTree = "<group>";
		};
/* End PBXVariantGroup section */

/* Begin XCBuildConfiguration section */
		B65BEA5A2035024900B6B4D2 /* Debug */ = {
			isa = XCBuildConfiguration;
			buildSettings = {
				ALWAYS_SEARCH_USER_PATHS = NO;
				CLANG_ANALYZER_NONNULL = YES;
				CLANG_ANALYZER_NUMBER_OBJECT_CONVERSION = YES_AGGRESSIVE;
				CLANG_CXX_LANGUAGE_STANDARD = "gnu++14";
				CLANG_CXX_LIBRARY = "libc++";
				CLANG_ENABLE_MODULES = YES;
				CLANG_ENABLE_OBJC_ARC = YES;
				CLANG_WARN_BLOCK_CAPTURE_AUTORELEASING = YES;
				CLANG_WARN_BOOL_CONVERSION = YES;
				CLANG_WARN_COMMA = YES;
				CLANG_WARN_CONSTANT_CONVERSION = YES;
				CLANG_WARN_DIRECT_OBJC_ISA_USAGE = YES_ERROR;
				CLANG_WARN_DOCUMENTATION_COMMENTS = YES;
				CLANG_WARN_EMPTY_BODY = YES;
				CLANG_WARN_ENUM_CONVERSION = YES;
				CLANG_WARN_INFINITE_RECURSION = YES;
				CLANG_WARN_INT_CONVERSION = YES;
				CLANG_WARN_NON_LITERAL_NULL_CONVERSION = YES;
				CLANG_WARN_OBJC_LITERAL_CONVERSION = YES;
				CLANG_WARN_OBJC_ROOT_CLASS = YES_ERROR;
				CLANG_WARN_RANGE_LOOP_ANALYSIS = YES;
				CLANG_WARN_STRICT_PROTOTYPES = YES;
				CLANG_WARN_SUSPICIOUS_MOVE = YES;
				CLANG_WARN_UNGUARDED_AVAILABILITY = YES_AGGRESSIVE;
				CLANG_WARN_UNREACHABLE_CODE = YES;
				CLANG_WARN__DUPLICATE_METHOD_MATCH = YES;
				CODE_SIGN_IDENTITY = "iPhone Developer";
				COPY_PHASE_STRIP = NO;
				DEBUG_INFORMATION_FORMAT = dwarf;
				ENABLE_STRICT_OBJC_MSGSEND = YES;
				ENABLE_TESTABILITY = YES;
				GCC_C_LANGUAGE_STANDARD = gnu11;
				GCC_DYNAMIC_NO_PIC = NO;
				GCC_NO_COMMON_BLOCKS = YES;
				GCC_OPTIMIZATION_LEVEL = 0;
				GCC_PREPROCESSOR_DEFINITIONS = (
					"DEBUG=1",
					"$(inherited)",
				);
				GCC_WARN_64_TO_32_BIT_CONVERSION = YES;
				GCC_WARN_ABOUT_RETURN_TYPE = YES_ERROR;
				GCC_WARN_UNDECLARED_SELECTOR = YES;
				GCC_WARN_UNINITIALIZED_AUTOS = YES_AGGRESSIVE;
				GCC_WARN_UNUSED_FUNCTION = YES;
				GCC_WARN_UNUSED_VARIABLE = YES;
				IPHONEOS_DEPLOYMENT_TARGET = 11.2;
				MTL_ENABLE_DEBUG_INFO = YES;
				ONLY_ACTIVE_ARCH = YES;
				SDKROOT = iphoneos;
				SWIFT_ACTIVE_COMPILATION_CONDITIONS = DEBUG;
				SWIFT_OPTIMIZATION_LEVEL = "-Onone";
			};
			name = Debug;
		};
		B65BEA5B2035024900B6B4D2 /* Release */ = {
			isa = XCBuildConfiguration;
			buildSettings = {
				ALWAYS_SEARCH_USER_PATHS = NO;
				CLANG_ANALYZER_NONNULL = YES;
				CLANG_ANALYZER_NUMBER_OBJECT_CONVERSION = YES_AGGRESSIVE;
				CLANG_CXX_LANGUAGE_STANDARD = "gnu++14";
				CLANG_CXX_LIBRARY = "libc++";
				CLANG_ENABLE_MODULES = YES;
				CLANG_ENABLE_OBJC_ARC = YES;
				CLANG_WARN_BLOCK_CAPTURE_AUTORELEASING = YES;
				CLANG_WARN_BOOL_CONVERSION = YES;
				CLANG_WARN_COMMA = YES;
				CLANG_WARN_CONSTANT_CONVERSION = YES;
				CLANG_WARN_DIRECT_OBJC_ISA_USAGE = YES_ERROR;
				CLANG_WARN_DOCUMENTATION_COMMENTS = YES;
				CLANG_WARN_EMPTY_BODY = YES;
				CLANG_WARN_ENUM_CONVERSION = YES;
				CLANG_WARN_INFINITE_RECURSION = YES;
				CLANG_WARN_INT_CONVERSION = YES;
				CLANG_WARN_NON_LITERAL_NULL_CONVERSION = YES;
				CLANG_WARN_OBJC_LITERAL_CONVERSION = YES;
				CLANG_WARN_OBJC_ROOT_CLASS = YES_ERROR;
				CLANG_WARN_RANGE_LOOP_ANALYSIS = YES;
				CLANG_WARN_STRICT_PROTOTYPES = YES;
				CLANG_WARN_SUSPICIOUS_MOVE = YES;
				CLANG_WARN_UNGUARDED_AVAILABILITY = YES_AGGRESSIVE;
				CLANG_WARN_UNREACHABLE_CODE = YES;
				CLANG_WARN__DUPLICATE_METHOD_MATCH = YES;
				CODE_SIGN_IDENTITY = "iPhone Developer";
				COPY_PHASE_STRIP = NO;
				DEBUG_INFORMATION_FORMAT = "dwarf-with-dsym";
				ENABLE_NS_ASSERTIONS = NO;
				ENABLE_STRICT_OBJC_MSGSEND = YES;
				GCC_C_LANGUAGE_STANDARD = gnu11;
				GCC_NO_COMMON_BLOCKS = YES;
				GCC_WARN_64_TO_32_BIT_CONVERSION = YES;
				GCC_WARN_ABOUT_RETURN_TYPE = YES_ERROR;
				GCC_WARN_UNDECLARED_SELECTOR = YES;
				GCC_WARN_UNINITIALIZED_AUTOS = YES_AGGRESSIVE;
				GCC_WARN_UNUSED_FUNCTION = YES;
				GCC_WARN_UNUSED_VARIABLE = YES;
				IPHONEOS_DEPLOYMENT_TARGET = 11.2;
				MTL_ENABLE_DEBUG_INFO = NO;
				SDKROOT = iphoneos;
				SWIFT_OPTIMIZATION_LEVEL = "-Owholemodule";
				VALIDATE_PRODUCT = YES;
			};
			name = Release;
		};
		B65BEA5D2035024900B6B4D2 /* Debug */ = {
			isa = XCBuildConfiguration;
			baseConfigurationReference = F6CD32D260532A564D680EF7 /* Pods-BitcoinNews.debug.xcconfig */;
			buildSettings = {
				ASSETCATALOG_COMPILER_APPICON_NAME = AppIcon;
				CODE_SIGN_STYLE = Automatic;
				DEVELOPMENT_TEAM = KLYA89ALPQ;
				INFOPLIST_FILE = BitcoinNews/Info.plist;
				LD_RUNPATH_SEARCH_PATHS = "$(inherited) @executable_path/Frameworks";
				PRODUCT_BUNDLE_IDENTIFIER = com.1lastDay.BitcoinNews;
				PRODUCT_NAME = "$(TARGET_NAME)";
				SWIFT_VERSION = 4.0;
				TARGETED_DEVICE_FAMILY = "1,2";
			};
			name = Debug;
		};
		B65BEA5E2035024900B6B4D2 /* Release */ = {
			isa = XCBuildConfiguration;
			baseConfigurationReference = A825003A1F2884CCD3057181 /* Pods-BitcoinNews.release.xcconfig */;
			buildSettings = {
				ASSETCATALOG_COMPILER_APPICON_NAME = AppIcon;
				CODE_SIGN_STYLE = Automatic;
				DEVELOPMENT_TEAM = KLYA89ALPQ;
				INFOPLIST_FILE = BitcoinNews/Info.plist;
				LD_RUNPATH_SEARCH_PATHS = "$(inherited) @executable_path/Frameworks";
				PRODUCT_BUNDLE_IDENTIFIER = com.1lastDay.BitcoinNews;
				PRODUCT_NAME = "$(TARGET_NAME)";
				SWIFT_VERSION = 4.0;
				TARGETED_DEVICE_FAMILY = "1,2";
			};
			name = Release;
		};
/* End XCBuildConfiguration section */

/* Begin XCConfigurationList section */
		B65BEA452035024900B6B4D2 /* Build configuration list for PBXProject "BitcoinNews" */ = {
			isa = XCConfigurationList;
			buildConfigurations = (
				B65BEA5A2035024900B6B4D2 /* Debug */,
				B65BEA5B2035024900B6B4D2 /* Release */,
			);
			defaultConfigurationIsVisible = 0;
			defaultConfigurationName = Release;
		};
		B65BEA5C2035024900B6B4D2 /* Build configuration list for PBXNativeTarget "BitcoinNews" */ = {
			isa = XCConfigurationList;
			buildConfigurations = (
				B65BEA5D2035024900B6B4D2 /* Debug */,
				B65BEA5E2035024900B6B4D2 /* Release */,
			);
			defaultConfigurationIsVisible = 0;
			defaultConfigurationName = Release;
		};
/* End XCConfigurationList section */
	};
	rootObject = B65BEA422035024900B6B4D2 /* Project object */;
}
